<?xml version="1.0" encoding="UTF-8" standalone="yes" ?>
<CodeBlocks_project_file>
	<FileVersion major="1" minor="6" />
	<Project>
		<Option title="RMAN Backups Report" />
		<Option pch_mode="2" />
		<Option compiler="tdm_gnu_gcc_64bit_compiler_" />
		<Option show_notes="0">
			<notes>
				<![CDATA[This project requires the OCILIB static library libociliba.lib in order to compile.
At run time, only, the Oracle supplied oci.dll must be on the PATH.]]>
			</notes>
		</Option>
		<Build>
			<Target title="Debug">
				<Option output="bin/Debug/rmanBackups" prefix_auto="1" extension_auto="1" />
				<Option object_output="obj/Debug/" />
				<Option type="1" />
				<Option compiler="tdm_gnu_gcc_64bit_compiler_" />
				<Option parameters="C:\Users\hisg494\utilities\logons.txt" />
				<Compiler>
					<Add option="-g" />
					<Add directory="../ocilib/ocilib-4.5.1-windows/include" />
				</Compiler>
				<Linker>
					<Add library="libociliba.a" />
					<Add directory="../ocilib/ocilib-4.5.1-windows/lib64" />
				</Linker>
			</Target>
			<Target title="Release">
				<Option output="bin/Release/rmanBackups" prefix_auto="1" extension_auto="1" />
				<Option object_output="obj/Release/" />
				<Option type="1" />
				<Option compiler="tdm_gnu_gcc_64bit_compiler_" />
				<Option parameters="C:\Users\hisg494\utilities\logons.txt" />
				<Compiler>
					<Add option="-O2" />
					<Add directory="../ocilib/ocilib-4.5.1-windows/include" />
				</Compiler>
				<Linker>
					<Add option="-s" />
					<Add library="libociliba.a" />
					<Add directory="../ocilib/ocilib-4.5.1-windows/lib64" />
				</Linker>
			</Target>
			<Target title="Debug 32">
				<Option output="bin/Debug32/rmanBackups32" prefix_auto="1" extension_auto="1" />
				<Option object_output="obj/Debug32/" />
				<Option type="1" />
				<Option compiler="tdm_gnu_gcc_64bit_compiler_" />
				<Option parameters="C:\Users\hisg494\utilities\logons.txt" />
				<Compiler>
					<Add option="-m32" />
					<Add option="-g" />
					<Add directory="../ocilib/ocilib-4.5.1-windows/include" />
				</Compiler>
				<Linker>
					<Add option="-m32" />
					<Add library="libociliba.a" />
					<Add directory="../ocilib/ocilib-4.5.1-windows/lib32" />
				</Linker>
			</Target>
			<Target title="Release 32">
				<Option output="bin/Release32/rmanBackups32" prefix_auto="1" extension_auto="1" />
				<Option object_output="obj/Release32/" />
				<Option type="1" />
				<Option compiler="tdm_gnu_gcc_64bit_compiler_" />
				<Option parameters="C:\Users\hisg494\utilities\logons.txt" />
				<Compiler>
					<Add option="-O2" />
					<Add option="-m32" />
					<Add directory="../ocilib/ocilib-4.5.1-windows/include" />
				</Compiler>
				<Linker>
					<Add option="-s" />
					<Add option="-m32" />
					<Add library="libociliba.a" />
					<Add directory="../ocilib/ocilib-4.5.1-windows/lib32" />
				</Linker>
			</Target>
		</Build>
		<Compiler>
			<Add option="-Wall" />
			<Add option="-std=c11" />
		</Compiler>
		<Unit filename="Example.png" />
		<Unit filename="SourceCode.docx" />
		<Unit filename="SourceCode.rst" />
		<Unit filename="UserGuide.docx" />
		<Unit filename="UserGuide.rst" />
		<Unit filename="build.cmd" />
		<Unit filename="css.h" />
		<Unit filename="html.h" />
		<Unit filename="rmanBackups.c">
			<Option compilerVar="CC" />
		</Unit>
		<Unit filename="rmanBackups.h" />
		<Unit filename="rmanBackups.html" />
		<Unit filename="sql.h" />
		<Unit filename="version.h" />
		<Extensions>
			<code_completion />
			<envvars />
			<debugger />
			<lib_finder disable_auto="1" />
		</Extensions>
	</Project>
</CodeBlocks_project_file>
